
Microsoft Visual Studio Solution File, Format Version 12.00
# Visual Studio Version 16
VisualStudioVersion = 16.0.30621.155
MinimumVisualStudioVersion = 10.0.40219.1
Project("{9A19103F-16F7-4668-BE54-9A1E7A4F7556}") = "HomeSpun.Api", "HomeSpun\HomeSpun.Api.csproj", "{54F9DB36-497B-42BB-A095-4C7F547CA665}"
EndProject
Project("{9A19103F-16F7-4668-BE54-9A1E7A4F7556}") = "HomeSpun.Accessor", "HomeSpun.Accessor\HomeSpun.Accessor.csproj", "{62645B93-DB6A-4001-AAF4-872EC7BEDD72}"
EndProject
Project("{FAE04EC0-301F-11D3-BF4B-00C04F79EFBC}") = "HomeSpun.Data", "HomeSpun.Data\HomeSpun.Data.csproj", "{2FA47879-080C-4075-8724-653544EECB97}"
EndProject
Project("{FAE04EC0-301F-11D3-BF4B-00C04F79EFBC}") = "HomeSpun.Contracts", "HomeSpun.Contracts\HomeSpun.Contracts.csproj", "{80BABB1B-68AD-4725-B78B-CB6F762DAA0B}"
EndProject
Global
	GlobalSection(SolutionConfigurationPlatforms) = preSolution
		Debug|Any CPU = Debug|Any CPU
		Release|Any CPU = Release|Any CPU
	EndGlobalSection
	GlobalSection(ProjectConfigurationPlatforms) = postSolution
		{54F9DB36-497B-42BB-A095-4C7F547CA665}.Debug|Any CPU.ActiveCfg = Debug|Any CPU
		{54F9DB36-497B-42BB-A095-4C7F547CA665}.Debug|Any CPU.Build.0 = Debug|Any CPU
		{54F9DB36-497B-42BB-A095-4C7F547CA665}.Release|Any CPU.ActiveCfg = Release|Any CPU
		{54F9DB36-497B-42BB-A095-4C7F547CA665}.Release|Any CPU.Build.0 = Release|Any CPU
		{62645B93-DB6A-4001-AAF4-872EC7BEDD72}.Debug|Any CPU.ActiveCfg = Debug|Any CPU
		{62645B93-DB6A-4001-AAF4-872EC7BEDD72}.Debug|Any CPU.Build.0 = Debug|Any CPU
		{62645B93-DB6A-4001-AAF4-872EC7BEDD72}.Release|Any CPU.ActiveCfg = Release|Any CPU
		{62645B93-DB6A-4001-AAF4-872EC7BEDD72}.Release|Any CPU.Build.0 = Release|Any CPU
		{2FA47879-080C-4075-8724-653544EECB97}.Debug|Any CPU.ActiveCfg = Debug|Any CPU
		{2FA47879-080C-4075-8724-653544EECB97}.Debug|Any CPU.Build.0 = Debug|Any CPU
		{2FA47879-080C-4075-8724-653544EECB97}.Release|Any CPU.ActiveCfg = Release|Any CPU
		{2FA47879-080C-4075-8724-653544EECB97}.Release|Any CPU.Build.0 = Release|Any CPU
		{80BABB1B-68AD-4725-B78B-CB6F762DAA0B}.Debug|Any CPU.ActiveCfg = Debug|Any CPU
		{80BABB1B-68AD-4725-B78B-CB6F762DAA0B}.Debug|Any CPU.Build.0 = Debug|Any CPU
		{80BABB1B-68AD-4725-B78B-CB6F762DAA0B}.Release|Any CPU.ActiveCfg = Release|Any CPU
		{80BABB1B-68AD-4725-B78B-CB6F762DAA0B}.Release|Any CPU.Build.0 = Release|Any CPU
	EndGlobalSection
	GlobalSection(SolutionProperties) = preSolution
		HideSolutionNode = FALSE
	EndGlobalSection
	GlobalSection(ExtensibilityGlobals) = postSolution
		SolutionGuid = {4382C1EC-EA48-43BE-ACC9-B41EBF8A4569}
	EndGlobalSection
EndGlobal
